
Microsoft Visual Studio Solution File, Format Version 12.00
# Visual Studio Version 17
VisualStudioVersion = 17.5.002.0
MinimumVisualStudioVersion = 10.0.40219.1
Project("{9A19103F-16F7-4668-BE54-9A1E7A4F7556}") = "AnimalClinicAPI", "AnimalClinicAPI.csproj", "{358D8728-466D-422D-AFC7-12FB9231FF8B}"
EndProject
Global
	GlobalSection(SolutionConfigurationPlatforms) = preSolution
		Debug|Any CPU = Debug|Any CPU
		Release|Any CPU = Release|Any CPU
	EndGlobalSection
	GlobalSection(ProjectConfigurationPlatforms) = postSolution
		{358D8728-466D-422D-AFC7-12FB9231FF8B}.Debug|Any CPU.ActiveCfg = Debug|Any CPU
		{358D8728-466D-422D-AFC7-12FB9231FF8B}.Debug|Any CPU.Build.0 = Debug|Any CPU
		{358D8728-466D-422D-AFC7-12FB9231FF8B}.Release|Any CPU.ActiveCfg = Release|Any CPU
		{358D8728-466D-422D-AFC7-12FB9231FF8B}.Release|Any CPU.Build.0 = Release|Any CPU
	EndGlobalSection
	GlobalSection(SolutionProperties) = preSolution
		HideSolutionNode = FALSE
	EndGlobalSection
	GlobalSection(ExtensibilityGlobals) = postSolution
		SolutionGuid = {A40D141E-CEB8-4CB6-B42A-5B07B1848741}
	EndGlobalSection
EndGlobal
